
Microsoft Visual Studio Solution File, Format Version 12.00
# Visual Studio Version 16
VisualStudioVersion = 16.0.31313.79
MinimumVisualStudioVersion = 10.0.40219.1
Project("{FAE04EC0-301F-11D3-BF4B-00C04F79EFBC}") = "AgendaDeContatos", "AgendaDeContatos\AgendaDeContatos.csproj", "{6398996A-FC47-4061-B07D-E69D70C59A33}"
EndProject
Global
	GlobalSection(SolutionConfigurationPlatforms) = preSolution
		Debug|Any CPU = Debug|Any CPU
		Release|Any CPU = Release|Any CPU
	EndGlobalSection
	GlobalSection(ProjectConfigurationPlatforms) = postSolution
		{6398996A-FC47-4061-B07D-E69D70C59A33}.Debug|Any CPU.ActiveCfg = Debug|Any CPU
		{6398996A-FC47-4061-B07D-E69D70C59A33}.Debug|Any CPU.Build.0 = Debug|Any CPU
		{6398996A-FC47-4061-B07D-E69D70C59A33}.Release|Any CPU.ActiveCfg = Release|Any CPU
		{6398996A-FC47-4061-B07D-E69D70C59A33}.Release|Any CPU.Build.0 = Release|Any CPU
	EndGlobalSection
	GlobalSection(SolutionProperties) = preSolution
		HideSolutionNode = FALSE
	EndGlobalSection
	GlobalSection(ExtensibilityGlobals) = postSolution
		SolutionGuid = {96D4D44D-7471-4D79-B1A1-A97877D348EE}
	EndGlobalSection
EndGlobal
