
Microsoft Visual Studio Solution File, Format Version 12.00
# Visual Studio Version 16
VisualStudioVersion = 16.0.31005.135
MinimumVisualStudioVersion = 10.0.40219.1
Project("{FAE04EC0-301F-11D3-BF4B-00C04F79EFBC}") = "AtividadeAvaliativaADS", "AtividadeAvaliativaADS.csproj", "{A5150874-12D1-4BFC-98B4-49A8F9E0287A}"
EndProject
Global
	GlobalSection(SolutionConfigurationPlatforms) = preSolution
		Debug|Any CPU = Debug|Any CPU
		Release|Any CPU = Release|Any CPU
	EndGlobalSection
	GlobalSection(ProjectConfigurationPlatforms) = postSolution
		{A5150874-12D1-4BFC-98B4-49A8F9E0287A}.Debug|Any CPU.ActiveCfg = Debug|Any CPU
		{A5150874-12D1-4BFC-98B4-49A8F9E0287A}.Debug|Any CPU.Build.0 = Debug|Any CPU
		{A5150874-12D1-4BFC-98B4-49A8F9E0287A}.Release|Any CPU.ActiveCfg = Release|Any CPU
		{A5150874-12D1-4BFC-98B4-49A8F9E0287A}.Release|Any CPU.Build.0 = Release|Any CPU
	EndGlobalSection
	GlobalSection(SolutionProperties) = preSolution
		HideSolutionNode = FALSE
	EndGlobalSection
	GlobalSection(ExtensibilityGlobals) = postSolution
		SolutionGuid = {952CB855-7B28-43C0-BF76-3EAFF2E58475}
	EndGlobalSection
EndGlobal
