
Microsoft Visual Studio Solution File, Format Version 12.00
# Visual Studio Version 16
VisualStudioVersion = 16.0.31005.135
MinimumVisualStudioVersion = 10.0.40219.1
Project("{FAE04EC0-301F-11D3-BF4B-00C04F79EFBC}") = "IntegracaoBD", "IntegracaoBD.csproj", "{9B356F6F-F5CF-491E-A5D0-7E0607BBE99A}"
EndProject
Global
	GlobalSection(SolutionConfigurationPlatforms) = preSolution
		Debug|Any CPU = Debug|Any CPU
		Release|Any CPU = Release|Any CPU
	EndGlobalSection
	GlobalSection(ProjectConfigurationPlatforms) = postSolution
		{9B356F6F-F5CF-491E-A5D0-7E0607BBE99A}.Debug|Any CPU.ActiveCfg = Debug|Any CPU
		{9B356F6F-F5CF-491E-A5D0-7E0607BBE99A}.Debug|Any CPU.Build.0 = Debug|Any CPU
		{9B356F6F-F5CF-491E-A5D0-7E0607BBE99A}.Release|Any CPU.ActiveCfg = Release|Any CPU
		{9B356F6F-F5CF-491E-A5D0-7E0607BBE99A}.Release|Any CPU.Build.0 = Release|Any CPU
	EndGlobalSection
	GlobalSection(SolutionProperties) = preSolution
		HideSolutionNode = FALSE
	EndGlobalSection
	GlobalSection(ExtensibilityGlobals) = postSolution
		SolutionGuid = {1D61F19A-4BE7-4810-A33A-67D983F0CAD0}
	EndGlobalSection
EndGlobal
